github.com/BurntSushi/toml v0.3.0 h1:e1/Ivsx3Z0FVTV0NSOv/aVgbUWyQuzj7DDnFblkRvsY=
github.com/BurntSushi/toml v0.3.0/go.mod h1:xHWCNGjB5oqiDr8zfno3MHue2Ht5sIBksp03qcyfWMU=
github.com/PuerkitoBio/goquery v1.2.0 h1:Ej6nIAQZhMyRPNV5jOVZlE3XY4YsPYrppZXL6G9jza0=
github.com/PuerkitoBio/goquery v1.2.0/go.mod h1:T9ezsOHcCrDCgA8aF1Cqr3sSYbO/xgdy8/R/XiIMAhA=
github.com/andybalholm/cascadia v0.0.0-20161224141413-349dd0209470 h1:4jHLmof+Hba81591gfH5xYA8QXzuvgksxwPNrmjR2BA=
github.com/andybalholm/cascadia v0.0.0-20161224141413-349dd0209470/go.mod h1:3I+3V7B6gTBYfdpYgIG2ymALS9H+5VDKUl3lHH7ToM4=
github.com/mattn/go-runewidth v0.0.2 h1:UnlwIPBGaTZfPQ6T1IGzPI0EkYAQmT9fAEJ/poFC63o=
github.com/mattn/go-runewidth v0.0.2/go.mod h1:LwmH8dsx7+W8Uxz3IHJYH5QSwggIsqBzpuz5H//U1FU=
github.com/nsf/termbox-go v0.0.0-20180123065313-157ff97de075 h1:In3Bc2a5elacN6AbI3WfygyPFcYQGfjHfyddXzWUQJM=
github.com/nsf/termbox-go v0.0.0-20180123065313-157ff97de075/go.mod h1:IuKpRQcYE1Tfu+oAQqaLisqDeXgjyyltCfsaoYN18NQ=
github.com/y-yagi/configure v0.0.0-20171207043757-4bee88f0d6ce h1:xnOuAqX0rVhLTV8k6qp/+emkafQsBdGEt53xphbpS7Y=
github.com/y-yagi/configure v0.0.0-20171207043757-4bee88f0d6ce/go.mod h1:bmAvk0cHBukC1Sp+j8EgGsCPFnJyIZPqBhQjUtCXe6Q=
github.com/y-yagi/gocui v0.3.0 h1:6Vqb9LigQP/5PteidAW1tGZgPJb7AfZpdkFr7Df0Lt0=
github.com/y-yagi/gocui v0.3.0/go.mod h1:73qGA3jyr0tM8T9h5kXfa566yaBwytpImrv2qIHrkpM=
github.com/y-yagi/goext v0.0.0-20180101053636-fd0b1e87eb09 h1:+OySUSDfvBA55pvVC1g5HHOf8mlYRnhek+QqRQPJpVg=
github.com/y-yagi/goext v0.0.0-20180101053636-fd0b1e87eb09/go.mod h1:ny3voMiQkmfJ+v/ojY5N9aqzMC1Id3If0BtoVKA9AwQ=
golang.org/x/net v0.0.0-20180124060956-0ed95abb35c4 h1:BLERX6fu5dNMZcaGP2RzbrDZpHQbDkAoG9oiTRXbWr0=
golang.org/x/net v0.0.0-20180124060956-0ed95abb35c4/go.mod h1:mL1N/T3taQHkDXs73rZJwtUhF3w3ftmwwsq0BUmARs4=
