# This file is autogenerated, do not edit; changes may be undone by the next 'dep ensure'.


[[projects]]
  name = "github.com/BurntSushi/toml"
  packages = ["."]
  revision = "b26d9c308763d68093482582cea63d69be07a0f0"
  version = "v0.3.0"

[[projects]]
  name = "github.com/PuerkitoBio/goquery"
  packages = ["."]
  revision = "e1271ee34c6a305e38566ecd27ae374944907ee9"
  version = "v1.1.0"

[[projects]]
  branch = "master"
  name = "github.com/andybalholm/cascadia"
  packages = ["."]
  revision = "349dd0209470eabd9514242c688c403c0926d266"

[[projects]]
  branch = "master"
  name = "github.com/golang/lint"
  packages = [".","golint"]
  revision = "6aaf7c34af0f4c36a57e0c429bace4d706d8e931"

[[projects]]
  branch = "master"
  name = "github.com/jroimartin/gocui"
  packages = ["."]
  revision = "4f518eddb04b8f73870836b6d1941e8aa3c06637"

[[projects]]
  name = "github.com/mattn/go-runewidth"
  packages = ["."]
  revision = "9e777a8366cce605130a531d2cd6363d07ad7317"
  version = "v0.0.2"

[[projects]]
  branch = "master"
  name = "github.com/nsf/termbox-go"
  packages = ["."]
  revision = "aa4a75b1c20a2b03751b1a9f7e41d58bd6f71c43"

[[projects]]
  branch = "master"
  name = "github.com/y-yagi/configure"
  packages = ["."]
  revision = "4bee88f0d6cec9839aed600d2bca0d66591001f7"

[[projects]]
  branch = "master"
  name = "github.com/y-yagi/goext"
  packages = ["osext"]
  revision = "0c562708d18a124f202f8b4e7853a57943d9ee73"

[[projects]]
  branch = "master"
  name = "golang.org/x/net"
  packages = ["html","html/atom"]
  revision = "dc871a5d77e227f5bbf6545176ef3eeebf87e76e"

[[projects]]
  branch = "master"
  name = "golang.org/x/tools"
  packages = ["go/gcexportdata","go/gcimporter15","go/types/typeutil"]
  revision = "64890f4e2b733655fee5077a5435a8812404c3a3"

[solve-meta]
  analyzer-name = "dep"
  analyzer-version = 1
  inputs-digest = "6acb746abe8d1250484f0ca2ddf8bc71846f972dc7aab8a4f0528de6bef5e6cb"
  solver-name = "gps-cdcl"
  solver-version = 1
